{
  "version": 4,
  "terraform_version": "1.3.8",
  "serial": 146,
  "lineage": "731aa537-d7d2-92c2-96f5-b247c1c13acd",
  "outputs": {},
  "resources": [
    {
      "mode": "data",
      "type": "archive_file",
      "name": "googlerunzip",
      "provider": "provider[\"registry.terraform.io/hashicorp/archive\"]",
      "instances": [
        {
          "schema_version": 0,
          "attributes": {
            "excludes": null,
            "id": "99499b75012a1a1e58b8f190b5456fa0e5ded100",
            "output_base64sha256": "0qG74HheQmC/pW2mtBbHRo2Uw98+KrHKR6KQLdTt3QI=",
            "output_file_mode": null,
            "output_md5": "3842a3149ff37cb4c63db33731a6e16e",
            "output_path": "../Back End Files/gcpfunction/code.zip",
            "output_sha": "99499b75012a1a1e58b8f190b5456fa0e5ded100",
            "output_size": 1138,
            "source": [],
            "source_content": null,
            "source_content_filename": null,
            "source_dir": "../Back End Files/gcpfunction/",
            "source_file": null,
            "type": "zip"
          },
          "sensitive_attributes": []
        }
      ]
    },
    {
      "mode": "managed",
      "type": "google_api_gateway_api",
      "name": "api",
      "provider": "provider[\"registry.terraform.io/hashicorp/google-beta\"]",
      "instances": [
        {
          "schema_version": 0,
          "attributes": {
            "api_id": "resumeapi2",
            "create_time": "2023-02-12T03:54:00.075097010Z",
            "display_name": "resumeapi2",
            "id": "projects/strange-cycle-371319/locations/global/apis/resumeapi2",
            "labels": {},
            "managed_service": "resumeapi2-3u4o8wudxp8l4.apigateway.strange-cycle-371319.cloud.goog",
            "name": "projects/strange-cycle-371319/locations/global/apis/resumeapi2",
            "project": "strange-cycle-371319",
            "timeouts": null
          },
          "sensitive_attributes": [],
          "private": "eyJlMmJmYjczMC1lY2FhLTExZTYtOGY4OC0zNDM2M2JjN2M0YzAiOnsiY3JlYXRlIjoxMjAwMDAwMDAwMDAwLCJkZWxldGUiOjEyMDAwMDAwMDAwMDAsInVwZGF0ZSI6MTIwMDAwMDAwMDAwMH19",
          "create_before_destroy": true
        }
      ]
    },
    {
      "mode": "managed",
      "type": "google_api_gateway_api_config",
      "name": "api_config",
      "provider": "provider[\"registry.terraform.io/hashicorp/google-beta\"]",
      "instances": [
        {
          "schema_version": 0,
          "attributes": {
            "api": "resumeapi2",
            "api_config_id": "kyleapiconfig",
            "api_config_id_prefix": null,
            "display_name": "kyleapiconfig",
            "gateway_config": [],
            "grpc_services": [],
            "id": "projects/strange-cycle-371319/locations/global/apis/resumeapi2/configs/kyleapiconfig",
            "labels": {},
            "managed_service_configs": [],
            "name": "projects/585423355911/locations/global/apis/resumeapi2/configs/kyleapiconfig",
            "openapi_documents": [
              {
                "document": [
                  {
                    "contents": "IyBvcGVuYXBpMi1mdW5jdGlvbnMueWFtbApzd2FnZ2VyOiAnMi4wJwppbmZvOgogIHRpdGxlOiByZXN1bWVhcGkgZGVzY3JpcHRpb25leGFtcGxlCiAgZGVzY3JpcHRpb246IFNhbXBsZSBBUEkgb24gQVBJIEdhdGV3YXkgd2l0aCBhIEdvb2dsZSBDbG91ZCBGdW5jdGlvbnMgYmFja2VuZAogIHZlcnNpb246IDEuMC4wCnNjaGVtZXM6CiAgLSBodHRwcwpwcm9kdWNlczoKICAtIGFwcGxpY2F0aW9uL2pzb24KcGF0aHM6CiAgL2dldHZpc2l0b3JzOgogICAgZ2V0OgogICAgICBzdW1tYXJ5OiBHcmVldCBhIHVzZXIgCiAgICAgIG9wZXJhdGlvbklkOiB2aXNpdG9yY291bnRlcgogICAgICB4LWdvb2dsZS1iYWNrZW5kOgogICAgICAgIGFkZHJlc3M6IGh0dHBzOi8vdXMtZWFzdDEtc3RyYW5nZS1jeWNsZS0zNzEzMTkuY2xvdWRmdW5jdGlvbnMubmV0L2Z1bmN0aW9uLTIKICAgICAgICBqd3RfYXVkaWVuY2U6IGh0dHBzOi8vdXMtZWFzdDEtc3RyYW5nZS1jeWNsZS0zNzEzMTkuY2xvdWRmdW5jdGlvbnMubmV0L2Z1bmN0aW9uLTIKCiAgICAgIHJlc3BvbnNlczoKICAgICAgICAnMjAwJzoKICAgICAgICAgIGRlc2NyaXB0aW9uOiBBIHN1Y2Nlc3NmdWwgcmVzcG9uc2UKICAgICAgICAgIHNjaGVtYToKICAgICAgICAgICAgdHlwZTogc3RyaW5nCg==",
                    "path": "spec.yaml"
                  }
                ]
              }
            ],
            "project": "strange-cycle-371319",
            "service_config_id": "kyleapiconfig-04pq2c0hbkr7k",
            "timeouts": null
          },
          "sensitive_attributes": [],
          "private": "eyJlMmJmYjczMC1lY2FhLTExZTYtOGY4OC0zNDM2M2JjN2M0YzAiOnsiY3JlYXRlIjoxMjAwMDAwMDAwMDAwLCJkZWxldGUiOjEyMDAwMDAwMDAwMDAsInVwZGF0ZSI6MTIwMDAwMDAwMDAwMH19",
          "dependencies": [
            "google_api_gateway_api.api"
          ],
          "create_before_destroy": true
        }
      ]
    },
    {
      "mode": "managed",
      "type": "google_api_gateway_gateway",
      "name": "api_gw",
      "provider": "provider[\"registry.terraform.io/hashicorp/google-beta\"]",
      "instances": [
        {
          "schema_version": 0,
          "attributes": {
            "api_config": "projects/585423355911/locations/global/apis/resumeapi2/configs/kyleapiconfig",
            "default_hostname": "apigateway10-7gxty8ef.ue.gateway.dev",
            "display_name": "apigateway10",
            "gateway_id": "apigateway10",
            "id": "projects/strange-cycle-371319/locations/us-east1/gateways/apigateway10",
            "labels": {},
            "name": "projects/strange-cycle-371319/locations/us-east1/gateways/apigateway10",
            "project": "strange-cycle-371319",
            "region": null,
            "timeouts": null
          },
          "sensitive_attributes": [],
          "private": "eyJlMmJmYjczMC1lY2FhLTExZTYtOGY4OC0zNDM2M2JjN2M0YzAiOnsiY3JlYXRlIjoxMjAwMDAwMDAwMDAwLCJkZWxldGUiOjEyMDAwMDAwMDAwMDAsInVwZGF0ZSI6MTIwMDAwMDAwMDAwMH19",
          "dependencies": [
            "google_api_gateway_api.api",
            "google_api_gateway_api_config.api_config"
          ]
        }
      ]
    },
    {
      "mode": "managed",
      "type": "google_cloudfunctions_function",
      "name": "function",
      "provider": "provider[\"registry.terraform.io/hashicorp/google\"]",
      "instances": [
        {
          "schema_version": 0,
          "attributes": {
            "available_memory_mb": 128,
            "build_environment_variables": null,
            "build_worker_pool": "",
            "description": "function that increments a counter by 1 in a database and returns the new value",
            "docker_registry": "CONTAINER_REGISTRY",
            "docker_repository": "",
            "entry_point": "hello_get",
            "environment_variables": null,
            "event_trigger": [],
            "https_trigger_security_level": "SECURE_OPTIONAL",
            "https_trigger_url": "https://us-east1-strange-cycle-371319.cloudfunctions.net/function-2",
            "id": "projects/strange-cycle-371319/locations/us-east1/functions/function-2",
            "ingress_settings": "ALLOW_ALL",
            "kms_key_name": "",
            "labels": null,
            "max_instances": 0,
            "min_instances": 0,
            "name": "function-2",
            "project": "strange-cycle-371319",
            "region": "us-east1",
            "runtime": "python310",
            "secret_environment_variables": [],
            "secret_volumes": [],
            "service_account_email": "strange-cycle-371319@appspot.gserviceaccount.com",
            "source_archive_bucket": "resume-function-code-bucket",
            "source_archive_object": "code.zip",
            "source_repository": [],
            "timeout": 60,
            "timeouts": null,
            "trigger_http": true,
            "vpc_connector": "",
            "vpc_connector_egress_settings": ""
          },
          "sensitive_attributes": [],
          "private": "eyJlMmJmYjczMC1lY2FhLTExZTYtOGY4OC0zNDM2M2JjN2M0YzAiOnsiY3JlYXRlIjozMDAwMDAwMDAwMDAsImRlbGV0ZSI6MzAwMDAwMDAwMDAwLCJyZWFkIjozMDAwMDAwMDAwMDAsInVwZGF0ZSI6MzAwMDAwMDAwMDAwfX0=",
          "dependencies": [
            "google_storage_bucket.codebucket",
            "google_storage_bucket_object.archive"
          ]
        }
      ]
    },
    {
      "mode": "managed",
      "type": "google_storage_bucket",
      "name": "codebucket",
      "provider": "provider[\"registry.terraform.io/hashicorp/google\"]",
      "instances": [
        {
          "schema_version": 0,
          "attributes": {
            "autoclass": [],
            "cors": [],
            "custom_placement_config": [],
            "default_event_based_hold": false,
            "encryption": [],
            "force_destroy": false,
            "id": "resume-function-code-bucket",
            "labels": {},
            "lifecycle_rule": [],
            "location": "US",
            "logging": [],
            "name": "resume-function-code-bucket",
            "project": "strange-cycle-371319",
            "public_access_prevention": "inherited",
            "requester_pays": false,
            "retention_policy": [],
            "self_link": "https://www.googleapis.com/storage/v1/b/resume-function-code-bucket",
            "storage_class": "STANDARD",
            "timeouts": null,
            "uniform_bucket_level_access": true,
            "url": "gs://resume-function-code-bucket",
            "versioning": [],
            "website": []
          },
          "sensitive_attributes": [],
          "private": "eyJlMmJmYjczMC1lY2FhLTExZTYtOGY4OC0zNDM2M2JjN2M0YzAiOnsiY3JlYXRlIjoyNDAwMDAwMDAwMDAsInJlYWQiOjI0MDAwMDAwMDAwMCwidXBkYXRlIjoyNDAwMDAwMDAwMDB9fQ=="
        }
      ]
    },
    {
      "mode": "managed",
      "type": "google_storage_bucket",
      "name": "resumebucket",
      "provider": "provider[\"registry.terraform.io/hashicorp/google\"]",
      "instances": [
        {
          "schema_version": 0,
          "attributes": {
            "autoclass": [],
            "cors": [],
            "custom_placement_config": [],
            "default_event_based_hold": false,
            "encryption": [],
            "force_destroy": true,
            "id": "resumebucket",
            "labels": {},
            "lifecycle_rule": [],
            "location": "US",
            "logging": [],
            "name": "resumebucket",
            "project": "strange-cycle-371319",
            "public_access_prevention": "inherited",
            "requester_pays": false,
            "retention_policy": [],
            "self_link": "https://www.googleapis.com/storage/v1/b/resumebucket",
            "storage_class": "STANDARD",
            "timeouts": null,
            "uniform_bucket_level_access": true,
            "url": "gs://resumebucket",
            "versioning": [],
            "website": [
              {
                "main_page_suffix": "index.html",
                "not_found_page": ""
              }
            ]
          },
          "sensitive_attributes": [],
          "private": "eyJlMmJmYjczMC1lY2FhLTExZTYtOGY4OC0zNDM2M2JjN2M0YzAiOnsiY3JlYXRlIjoyNDAwMDAwMDAwMDAsInJlYWQiOjI0MDAwMDAwMDAwMCwidXBkYXRlIjoyNDAwMDAwMDAwMDB9fQ=="
        }
      ]
    },
    {
      "mode": "managed",
      "type": "google_storage_bucket_iam_member",
      "name": "public",
      "provider": "provider[\"registry.terraform.io/hashicorp/google\"]",
      "instances": [
        {
          "schema_version": 0,
          "attributes": {
            "bucket": "b/resumebucket",
            "condition": [],
            "etag": "CAI=",
            "id": "b/resumebucket/roles/storage.objectViewer/allUsers",
            "member": "allUsers",
            "role": "roles/storage.objectViewer"
          },
          "sensitive_attributes": [],
          "private": "bnVsbA==",
          "dependencies": [
            "google_storage_bucket.resumebucket"
          ]
        }
      ]
    },
    {
      "mode": "managed",
      "type": "google_storage_bucket_object",
      "name": "archive",
      "provider": "provider[\"registry.terraform.io/hashicorp/google\"]",
      "instances": [
        {
          "schema_version": 0,
          "attributes": {
            "bucket": "resume-function-code-bucket",
            "cache_control": "",
            "content": null,
            "content_disposition": "",
            "content_encoding": "",
            "content_language": "",
            "content_type": "application/zip",
            "crc32c": "c7shag==",
            "customer_encryption": [],
            "detect_md5hash": "OEKjFJ/zfLTGPbM3Mabhbg==",
            "event_based_hold": false,
            "id": "resume-function-code-bucket-/code.zip",
            "kms_key_name": "",
            "md5hash": "OEKjFJ/zfLTGPbM3Mabhbg==",
            "media_link": "https://storage.googleapis.com/download/storage/v1/b/resume-function-code-bucket/o/%2Fcode.zip?generation=1676178038904882\u0026alt=media",
            "metadata": {},
            "name": "/code.zip",
            "output_name": "/code.zip",
            "self_link": "https://www.googleapis.com/storage/v1/b/resume-function-code-bucket/o/%2Fcode.zip",
            "source": "../Back End Files/gcpfunction/code.zip",
            "storage_class": "STANDARD",
            "temporary_hold": false,
            "timeouts": null
          },
          "sensitive_attributes": [],
          "private": "eyJlMmJmYjczMC1lY2FhLTExZTYtOGY4OC0zNDM2M2JjN2M0YzAiOnsiY3JlYXRlIjoyNDAwMDAwMDAwMDAsImRlbGV0ZSI6MjQwMDAwMDAwMDAwLCJ1cGRhdGUiOjI0MDAwMDAwMDAwMH19",
          "dependencies": [
            "data.archive_file.googlerunzip",
            "google_storage_bucket.codebucket"
          ]
        }
      ]
    },
    {
      "mode": "managed",
      "type": "google_storage_bucket_object",
      "name": "cssfile",
      "provider": "provider[\"registry.terraform.io/hashicorp/google\"]",
      "instances": [
        {
          "schema_version": 0,
          "attributes": {
            "bucket": "resumebucket",
            "cache_control": "",
            "content": null,
            "content_disposition": "",
            "content_encoding": "",
            "content_language": "",
            "content_type": "text/plain; charset=utf-8",
            "crc32c": "LcggmA==",
            "customer_encryption": [],
            "detect_md5hash": "cY72U3aMOiI5ZYS58Dj8qQ==",
            "event_based_hold": false,
            "id": "resumebucket-style.css",
            "kms_key_name": "",
            "md5hash": "cY72U3aMOiI5ZYS58Dj8qQ==",
            "media_link": "https://storage.googleapis.com/download/storage/v1/b/resumebucket/o/style.css?generation=1676171635158959\u0026alt=media",
            "metadata": {},
            "name": "style.css",
            "output_name": "style.css",
            "self_link": "https://www.googleapis.com/storage/v1/b/resumebucket/o/style.css",
            "source": "../Front End Files/style.css",
            "storage_class": "STANDARD",
            "temporary_hold": false,
            "timeouts": null
          },
          "sensitive_attributes": [],
          "private": "eyJlMmJmYjczMC1lY2FhLTExZTYtOGY4OC0zNDM2M2JjN2M0YzAiOnsiY3JlYXRlIjoyNDAwMDAwMDAwMDAsImRlbGV0ZSI6MjQwMDAwMDAwMDAwLCJ1cGRhdGUiOjI0MDAwMDAwMDAwMH19",
          "dependencies": [
            "google_storage_bucket.resumebucket"
          ]
        }
      ]
    },
    {
      "mode": "managed",
      "type": "google_storage_bucket_object",
      "name": "indexfile",
      "provider": "provider[\"registry.terraform.io/hashicorp/google\"]",
      "instances": [
        {
          "schema_version": 0,
          "attributes": {
            "bucket": "resumebucket",
            "cache_control": "",
            "content": null,
            "content_disposition": "",
            "content_encoding": "",
            "content_language": "",
            "content_type": "text/html; charset=utf-8",
            "crc32c": "ZmbjOQ==",
            "customer_encryption": [],
            "detect_md5hash": "Iz3VuvTR116AJF4uAKobfw==",
            "event_based_hold": false,
            "id": "resumebucket-index.html",
            "kms_key_name": "",
            "md5hash": "Iz3VuvTR116AJF4uAKobfw==",
            "media_link": "https://storage.googleapis.com/download/storage/v1/b/resumebucket/o/index.html?generation=1676171635176129\u0026alt=media",
            "metadata": {},
            "name": "index.html",
            "output_name": "index.html",
            "self_link": "https://www.googleapis.com/storage/v1/b/resumebucket/o/index.html",
            "source": "../Front End Files/index.html",
            "storage_class": "STANDARD",
            "temporary_hold": false,
            "timeouts": null
          },
          "sensitive_attributes": [],
          "private": "eyJlMmJmYjczMC1lY2FhLTExZTYtOGY4OC0zNDM2M2JjN2M0YzAiOnsiY3JlYXRlIjoyNDAwMDAwMDAwMDAsImRlbGV0ZSI6MjQwMDAwMDAwMDAwLCJ1cGRhdGUiOjI0MDAwMDAwMDAwMH19",
          "dependencies": [
            "google_storage_bucket.resumebucket"
          ]
        }
      ]
    },
    {
      "mode": "managed",
      "type": "google_storage_bucket_object",
      "name": "scriptsfile",
      "provider": "provider[\"registry.terraform.io/hashicorp/google\"]",
      "instances": [
        {
          "schema_version": 0,
          "attributes": {
            "bucket": "resumebucket",
            "cache_control": "",
            "content": null,
            "content_disposition": "",
            "content_encoding": "",
            "content_language": "",
            "content_type": "text/plain; charset=utf-8",
            "crc32c": "HeZbKg==",
            "customer_encryption": [],
            "detect_md5hash": "oagL+3a2Awa+FZvTeKeJZQ==",
            "event_based_hold": false,
            "id": "resumebucket-scripts.js",
            "kms_key_name": "",
            "md5hash": "oagL+3a2Awa+FZvTeKeJZQ==",
            "media_link": "https://storage.googleapis.com/download/storage/v1/b/resumebucket/o/scripts.js?generation=1676171635165325\u0026alt=media",
            "metadata": {},
            "name": "scripts.js",
            "output_name": "scripts.js",
            "self_link": "https://www.googleapis.com/storage/v1/b/resumebucket/o/scripts.js",
            "source": "../Front End Files/scripts.js",
            "storage_class": "STANDARD",
            "temporary_hold": false,
            "timeouts": null
          },
          "sensitive_attributes": [],
          "private": "eyJlMmJmYjczMC1lY2FhLTExZTYtOGY4OC0zNDM2M2JjN2M0YzAiOnsiY3JlYXRlIjoyNDAwMDAwMDAwMDAsImRlbGV0ZSI6MjQwMDAwMDAwMDAwLCJ1cGRhdGUiOjI0MDAwMDAwMDAwMH19",
          "dependencies": [
            "google_storage_bucket.resumebucket"
          ]
        }
      ]
    }
  ],
  "check_results": null
}
